
Microsoft Visual Studio Solution File, Format Version 12.00
# Visual Studio Version 16
VisualStudioVersion = 16.0.31515.178
MinimumVisualStudioVersion = 10.0.40219.1
Project("{FAE04EC0-301F-11D3-BF4B-00C04F79EFBC}") = "Tutorial15Namespace", "Tutorial15Namespace\Tutorial15Namespace.csproj", "{4BF5CB4A-EBD5-4F97-B6FB-960F7B72DCF1}"
EndProject
Global
	GlobalSection(SolutionConfigurationPlatforms) = preSolution
		Debug|Any CPU = Debug|Any CPU
		Release|Any CPU = Release|Any CPU
	EndGlobalSection
	GlobalSection(ProjectConfigurationPlatforms) = postSolution
		{4BF5CB4A-EBD5-4F97-B6FB-960F7B72DCF1}.Debug|Any CPU.ActiveCfg = Debug|Any CPU
		{4BF5CB4A-EBD5-4F97-B6FB-960F7B72DCF1}.Debug|Any CPU.Build.0 = Debug|Any CPU
		{4BF5CB4A-EBD5-4F97-B6FB-960F7B72DCF1}.Release|Any CPU.ActiveCfg = Release|Any CPU
		{4BF5CB4A-EBD5-4F97-B6FB-960F7B72DCF1}.Release|Any CPU.Build.0 = Release|Any CPU
	EndGlobalSection
	GlobalSection(SolutionProperties) = preSolution
		HideSolutionNode = FALSE
	EndGlobalSection
	GlobalSection(ExtensibilityGlobals) = postSolution
		SolutionGuid = {AC2E7FE6-C45B-432A-BCA8-20D24245EA9C}
	EndGlobalSection
EndGlobal
