
Microsoft Visual Studio Solution File, Format Version 12.00
# Visual Studio Version 16
VisualStudioVersion = 16.0.31515.178
MinimumVisualStudioVersion = 10.0.40219.1
Project("{FAE04EC0-301F-11D3-BF4B-00C04F79EFBC}") = "Tutorial17Struct", "Tutorial17Struct\Tutorial17Struct.csproj", "{2EA6191E-42CB-4058-82F4-BB67FE52C518}"
EndProject
Global
	GlobalSection(SolutionConfigurationPlatforms) = preSolution
		Debug|Any CPU = Debug|Any CPU
		Release|Any CPU = Release|Any CPU
	EndGlobalSection
	GlobalSection(ProjectConfigurationPlatforms) = postSolution
		{2EA6191E-42CB-4058-82F4-BB67FE52C518}.Debug|Any CPU.ActiveCfg = Debug|Any CPU
		{2EA6191E-42CB-4058-82F4-BB67FE52C518}.Debug|Any CPU.Build.0 = Debug|Any CPU
		{2EA6191E-42CB-4058-82F4-BB67FE52C518}.Release|Any CPU.ActiveCfg = Release|Any CPU
		{2EA6191E-42CB-4058-82F4-BB67FE52C518}.Release|Any CPU.Build.0 = Release|Any CPU
	EndGlobalSection
	GlobalSection(SolutionProperties) = preSolution
		HideSolutionNode = FALSE
	EndGlobalSection
	GlobalSection(ExtensibilityGlobals) = postSolution
		SolutionGuid = {1E36CE1E-1B90-4F72-9C3D-10084B9238D3}
	EndGlobalSection
EndGlobal
