
Microsoft Visual Studio Solution File, Format Version 12.00
# Visual Studio Version 16
VisualStudioVersion = 16.0.31515.178
MinimumVisualStudioVersion = 10.0.40219.1
Project("{FAE04EC0-301F-11D3-BF4B-00C04F79EFBC}") = "Tutorial9Inheritance", "Tutorial9Inheritance\Tutorial9Inheritance.csproj", "{A71E439F-6A58-4B9B-BC25-D5644121CBB8}"
EndProject
Global
	GlobalSection(SolutionConfigurationPlatforms) = preSolution
		Debug|Any CPU = Debug|Any CPU
		Release|Any CPU = Release|Any CPU
	EndGlobalSection
	GlobalSection(ProjectConfigurationPlatforms) = postSolution
		{A71E439F-6A58-4B9B-BC25-D5644121CBB8}.Debug|Any CPU.ActiveCfg = Debug|Any CPU
		{A71E439F-6A58-4B9B-BC25-D5644121CBB8}.Debug|Any CPU.Build.0 = Debug|Any CPU
		{A71E439F-6A58-4B9B-BC25-D5644121CBB8}.Release|Any CPU.ActiveCfg = Release|Any CPU
		{A71E439F-6A58-4B9B-BC25-D5644121CBB8}.Release|Any CPU.Build.0 = Release|Any CPU
	EndGlobalSection
	GlobalSection(SolutionProperties) = preSolution
		HideSolutionNode = FALSE
	EndGlobalSection
	GlobalSection(ExtensibilityGlobals) = postSolution
		SolutionGuid = {D635CA35-95EB-4F65-9DF7-40DAFD116887}
	EndGlobalSection
EndGlobal
