
Microsoft Visual Studio Solution File, Format Version 12.00
# Visual Studio Version 16
VisualStudioVersion = 16.0.31515.178
MinimumVisualStudioVersion = 10.0.40219.1
Project("{FAE04EC0-301F-11D3-BF4B-00C04F79EFBC}") = "Tutorial8Assignment", "Tutorial8Assignment\Tutorial8Assignment.csproj", "{35ED50F6-7994-482D-B12C-DBA1D6948562}"
EndProject
Global
	GlobalSection(SolutionConfigurationPlatforms) = preSolution
		Debug|Any CPU = Debug|Any CPU
		Release|Any CPU = Release|Any CPU
	EndGlobalSection
	GlobalSection(ProjectConfigurationPlatforms) = postSolution
		{35ED50F6-7994-482D-B12C-DBA1D6948562}.Debug|Any CPU.ActiveCfg = Debug|Any CPU
		{35ED50F6-7994-482D-B12C-DBA1D6948562}.Debug|Any CPU.Build.0 = Debug|Any CPU
		{35ED50F6-7994-482D-B12C-DBA1D6948562}.Release|Any CPU.ActiveCfg = Release|Any CPU
		{35ED50F6-7994-482D-B12C-DBA1D6948562}.Release|Any CPU.Build.0 = Release|Any CPU
	EndGlobalSection
	GlobalSection(SolutionProperties) = preSolution
		HideSolutionNode = FALSE
	EndGlobalSection
	GlobalSection(ExtensibilityGlobals) = postSolution
		SolutionGuid = {CB449C25-4E76-405F-A15E-5B4B6FC53B3A}
	EndGlobalSection
EndGlobal
