
Microsoft Visual Studio Solution File, Format Version 12.00
# Visual Studio Version 16
VisualStudioVersion = 16.0.31515.178
MinimumVisualStudioVersion = 10.0.40219.1
Project("{FAE04EC0-301F-11D3-BF4B-00C04F79EFBC}") = "Tutorial14Interface", "Tutorial14Interface\Tutorial14Interface.csproj", "{FE6C517A-F0D0-43AD-A5DF-374BD0A90366}"
EndProject
Global
	GlobalSection(SolutionConfigurationPlatforms) = preSolution
		Debug|Any CPU = Debug|Any CPU
		Release|Any CPU = Release|Any CPU
	EndGlobalSection
	GlobalSection(ProjectConfigurationPlatforms) = postSolution
		{FE6C517A-F0D0-43AD-A5DF-374BD0A90366}.Debug|Any CPU.ActiveCfg = Debug|Any CPU
		{FE6C517A-F0D0-43AD-A5DF-374BD0A90366}.Debug|Any CPU.Build.0 = Debug|Any CPU
		{FE6C517A-F0D0-43AD-A5DF-374BD0A90366}.Release|Any CPU.ActiveCfg = Release|Any CPU
		{FE6C517A-F0D0-43AD-A5DF-374BD0A90366}.Release|Any CPU.Build.0 = Release|Any CPU
	EndGlobalSection
	GlobalSection(SolutionProperties) = preSolution
		HideSolutionNode = FALSE
	EndGlobalSection
	GlobalSection(ExtensibilityGlobals) = postSolution
		SolutionGuid = {3EB19C77-E188-4ECE-9696-2EF4A276CAA3}
	EndGlobalSection
EndGlobal
