
Microsoft Visual Studio Solution File, Format Version 12.00
# Visual Studio Version 16
VisualStudioVersion = 16.0.31605.320
MinimumVisualStudioVersion = 10.0.40219.1
Project("{FAE04EC0-301F-11D3-BF4B-00C04F79EFBC}") = "Tutorial26Stack", "Tutorial26Stack\Tutorial26Stack.csproj", "{4BC06E92-7886-4E1C-A4B2-6516ED356780}"
EndProject
Global
	GlobalSection(SolutionConfigurationPlatforms) = preSolution
		Debug|Any CPU = Debug|Any CPU
		Release|Any CPU = Release|Any CPU
	EndGlobalSection
	GlobalSection(ProjectConfigurationPlatforms) = postSolution
		{4BC06E92-7886-4E1C-A4B2-6516ED356780}.Debug|Any CPU.ActiveCfg = Debug|Any CPU
		{4BC06E92-7886-4E1C-A4B2-6516ED356780}.Debug|Any CPU.Build.0 = Debug|Any CPU
		{4BC06E92-7886-4E1C-A4B2-6516ED356780}.Release|Any CPU.ActiveCfg = Release|Any CPU
		{4BC06E92-7886-4E1C-A4B2-6516ED356780}.Release|Any CPU.Build.0 = Release|Any CPU
	EndGlobalSection
	GlobalSection(SolutionProperties) = preSolution
		HideSolutionNode = FALSE
	EndGlobalSection
	GlobalSection(ExtensibilityGlobals) = postSolution
		SolutionGuid = {62AC0B14-0764-4629-A315-BA4C2A5C2DE4}
	EndGlobalSection
EndGlobal
