
Microsoft Visual Studio Solution File, Format Version 12.00
# Visual Studio Version 16
VisualStudioVersion = 16.0.31515.178
MinimumVisualStudioVersion = 10.0.40219.1
Project("{FAE04EC0-301F-11D3-BF4B-00C04F79EFBC}") = "Tutorial13AbstractClass", "Tutorial13AbstractClass\Tutorial13AbstractClass.csproj", "{A3E853B7-F7E2-4CD3-9767-8BB9288C152C}"
EndProject
Global
	GlobalSection(SolutionConfigurationPlatforms) = preSolution
		Debug|Any CPU = Debug|Any CPU
		Release|Any CPU = Release|Any CPU
	EndGlobalSection
	GlobalSection(ProjectConfigurationPlatforms) = postSolution
		{A3E853B7-F7E2-4CD3-9767-8BB9288C152C}.Debug|Any CPU.ActiveCfg = Debug|Any CPU
		{A3E853B7-F7E2-4CD3-9767-8BB9288C152C}.Debug|Any CPU.Build.0 = Debug|Any CPU
		{A3E853B7-F7E2-4CD3-9767-8BB9288C152C}.Release|Any CPU.ActiveCfg = Release|Any CPU
		{A3E853B7-F7E2-4CD3-9767-8BB9288C152C}.Release|Any CPU.Build.0 = Release|Any CPU
	EndGlobalSection
	GlobalSection(SolutionProperties) = preSolution
		HideSolutionNode = FALSE
	EndGlobalSection
	GlobalSection(ExtensibilityGlobals) = postSolution
		SolutionGuid = {5668922C-5422-4A6A-B802-9F3475C462B5}
	EndGlobalSection
EndGlobal
